{
  "name": "con-fusion",
  "version": "1.0.0",
  "lockfileVersion": 1,
  "requires": true,
  "dependencies": {
    "@angular/animations": {
      "version": "10.1.1",
      "resolved": "https://registry.npmjs.org/@angular/animations/-/animations-10.1.1.tgz",
      "integrity": "sha512-acVxTTGzA5JEspFNyhZKyr/wgCTCDL13fzz9CxMdMY3vgqgy/PiqmMp54MBI37EqgEOCo+PBJSX9uXxF0HqHTw==",
      "requires": {
        "tslib": "^2.0.0"
      }
    },
    "@angular/cdk": {
      "version": "10.2.1",
      "resolved": "https://registry.npmjs.org/@angular/cdk/-/cdk-10.2.1.tgz",
      "integrity": "sha512-67nPfteerlGPlwBeKt+EEOgEo2zm3+U6FzwhXVqwEeBxCZ7PWelMDiartHC7zZnzIKkcNEO0Uptq7Bzl2gdU0w==",
      "requires": {
        "parse5": "^5.0.0",
        "tslib": "^2.0.0"
      }
    },
    "@angular/common": {
      "version": "10.1.1",
      "resolved": "https://registry.npmjs.org/@angular/common/-/common-10.1.1.tgz",
      "integrity": "sha512-RqFUdDU5x6KgFfT2o1fEn2GmxehtqCt9wYfKIaXMtAEPj0LGmc5A/YllxedASnIwlDHxsKL12b0Mc+g3r00zVg==",
      "requires": {
        "tslib": "^2.0.0"
      }
    },
    "@angular/compiler": {
      "version": "10.1.1",
      "resolved": "https://registry.npmjs.org/@angular/compiler/-/compiler-10.1.1.tgz",
      "integrity": "sha512-VJ5eeYBsHR6WzCIKhBsGPYd6zfPNXqD0hD2SAjHqTb/LPnhSPsHGKBzuck+CxvXwChbjKNWzdMPuMAKGahR2ow==",
      "requires": {
        "tslib": "^2.0.0"
      }
    },
    "@angular/core": {
      "version": "10.1.1",
      "resolved": "https://registry.npmjs.org/@angular/core/-/core-10.1.1.tgz",
      "integrity": "sha512-3mvsaZJPg5Z8sGBT0OW3ak0T/UmHmlQ0nkWjwnIdPrMbyv5GoAjTR3Zh3cRK57nGV7ScLk4m4B4INzAjoCDqeA==",
      "requires": {
        "tslib": "^2.0.0"
      }
    },
    "@angular/flex-layout": {
      "version": "8.0.0-beta.27",
      "resolved": "https://registry.npmjs.org/@angular/flex-layout/-/flex-layout-8.0.0-beta.27.tgz",
      "integrity": "sha512-qmpvQPesU4ZQ56IscwgmVRpK2UnyV+gwvXUql7TMv0QV215hLcHczjGsrKkLfW2By5E7XEyDat9br72uVXcPMw==",
      "requires": {
        "tslib": "^1.7.1"
      },
      "dependencies": {
        "tslib": {
          "version": "1.10.0",
          "resolved": "https://registry.npmjs.org/tslib/-/tslib-1.10.0.tgz",
          "integrity": "sha512-qOebF53frne81cf0S9B41ByenJ3/IuH8yJKngAX35CmiZySA0khhkovshKK+jGCaMnVomla7gVlIcc3EvKPbTQ=="
        }
      }
    },
    "@angular/forms": {
      "version": "10.1.1",
      "resolved": "https://registry.npmjs.org/@angular/forms/-/forms-10.1.1.tgz",
      "integrity": "sha512-p6bsRNG2ctpo6tTDKCZZcbH/lFy1+0OlS8flFoEpMVwVrCg2PtjdlP76mMcmJjvUWdC/c3ySyrODm2bu2H59FQ==",
      "requires": {
        "tslib": "^2.0.0"
      }
    },
    "@angular/http": {
      "version": "7.2.16",
      "resolved": "https://registry.npmjs.org/@angular/http/-/http-7.2.16.tgz",
      "integrity": "sha512-yvjbNyzFSmmz4UTjCdy5M8mk0cZqf9TvSf8yN5UVIwtw4joyuUdlgJCuin0qSbQOKIf/JjHoofpO2JkPCGSNww==",
      "requires": {
        "tslib": "^1.9.0"
      },
      "dependencies": {
        "tslib": {
          "version": "1.13.0",
          "resolved": "https://registry.npmjs.org/tslib/-/tslib-1.13.0.tgz",
          "integrity": "sha512-i/6DQjL8Xf3be4K/E6Wgpekn5Qasl1usyw++dAA35Ue5orEn65VIxOA+YvNNl9HV3qv70T7CNwjODHZrLwvd1Q=="
        }
      }
    },
    "@angular/material": {
      "version": "10.2.1",
      "resolved": "https://registry.npmjs.org/@angular/material/-/material-10.2.1.tgz",
      "integrity": "sha512-TSfjW4w3orzDtTstNcNR2zsfNcO/R7NNmDMQ11LO6+EfnbNF2yktsMS3FZl811GX6dXEE+R/GCdDgCnlvqv9Mw==",
      "requires": {
        "tslib": "^2.0.0"
      }
    },
    "@angular/platform-browser": {
      "version": "10.1.1",
      "resolved": "https://registry.npmjs.org/@angular/platform-browser/-/platform-browser-10.1.1.tgz",
      "integrity": "sha512-rbI4fu6HRj7b+6MB8HWOdaYmV3CSjOyyrVqWAcNuXfNwZk/KE/OHvLSvQf7dMKnatJARa9bMrZdSQZqPuig1hA==",
      "requires": {
        "tslib": "^2.0.0"
      }
    },
    "@angular/platform-browser-dynamic": {
      "version": "10.1.1",
      "resolved": "https://registry.npmjs.org/@angular/platform-browser-dynamic/-/platform-browser-dynamic-10.1.1.tgz",
      "integrity": "sha512-mYd5ulQ0HYRwbgALegL6W7OlkDLNOlXp3gLLAoNjRfsb4+EocDiR8A4uf1LajL3Qunq3k7XBrcdT1SEQmqu4BQ==",
      "requires": {
        "tslib": "^2.0.0"
      }
    },
    "@angular/router": {
      "version": "10.1.1",
      "resolved": "https://registry.npmjs.org/@angular/router/-/router-10.1.1.tgz",
      "integrity": "sha512-f9OI9k6OKzraBsh5/HeG8H7ubi3r+Sveu7sRIBvvzeoUj0uFHRkB2IDIxQHJWBBWUPyPmyvWCJVigUvcJyyarw==",
      "requires": {
        "tslib": "^2.0.0"
      }
    },
    "@types/jasmine": {
      "version": "3.3.16",
      "resolved": "https://registry.npmjs.org/@types/jasmine/-/jasmine-3.3.16.tgz",
      "integrity": "sha512-Nveep4zKGby8uIvG2AEUyYOwZS8uVeHK9TgbuWYSawUDDdIgfhCKz28QzamTo//Jk7Ztt9PO3f+vzlB6a4GV1Q==",
      "dev": true
    },
    "@types/jasminewd2": {
      "version": "2.0.8",
      "resolved": "https://registry.npmjs.org/@types/jasminewd2/-/jasminewd2-2.0.8.tgz",
      "integrity": "sha512-d9p31r7Nxk0ZH0U39PTH0hiDlJ+qNVGjlt1ucOoTUptxb2v+Y5VMnsxfwN+i3hK4yQnqBi3FMmoMFcd1JHDxdg==",
      "dev": true,
      "requires": {
        "@types/jasmine": "*"
      }
    },
    "font-awesome": {
      "version": "4.7.0",
      "resolved": "https://registry.npmjs.org/font-awesome/-/font-awesome-4.7.0.tgz",
      "integrity": "sha1-j6jPBBGhoxr9B7BtKQK7n8gVoTM="
    },
    "hammerjs": {
      "version": "2.0.8",
      "resolved": "https://registry.npmjs.org/hammerjs/-/hammerjs-2.0.8.tgz",
      "integrity": "sha1-BO93hiz/K7edMPdpIJWTAiK/YPE="
    },
    "karma-jasmine-html-reporter": {
      "version": "1.5.4",
      "resolved": "https://registry.npmjs.org/karma-jasmine-html-reporter/-/karma-jasmine-html-reporter-1.5.4.tgz",
      "integrity": "sha512-PtilRLno5O6wH3lDihRnz0Ba8oSn0YUJqKjjux1peoYGwo0AQqrWRbdWk/RLzcGlb+onTyXAnHl6M+Hu3UxG/Q==",
      "dev": true
    },
    "parse5": {
      "version": "5.1.1",
      "resolved": "https://registry.npmjs.org/parse5/-/parse5-5.1.1.tgz",
      "integrity": "sha512-ugq4DFI0Ptb+WWjAdOK16+u/nHfiIrcE+sh8kZMaM0WllQKLI9rOUq6c2b7cwPkXdzfQESqvoqK6ug7U/Yyzug==",
      "optional": true
    },
    "rxjs": {
      "version": "6.6.3",
      "resolved": "https://registry.npmjs.org/rxjs/-/rxjs-6.6.3.tgz",
      "integrity": "sha512-trsQc+xYYXZ3urjOiJOuCOa5N3jAZ3eiSpQB5hIT8zGlL2QfnHLJ2r7GMkBGuIausdJN1OneaI6gQlsqNHHmZQ==",
      "requires": {
        "tslib": "^1.9.0"
      },
      "dependencies": {
        "tslib": {
          "version": "1.13.0",
          "resolved": "https://registry.npmjs.org/tslib/-/tslib-1.13.0.tgz",
          "integrity": "sha512-i/6DQjL8Xf3be4K/E6Wgpekn5Qasl1usyw++dAA35Ue5orEn65VIxOA+YvNNl9HV3qv70T7CNwjODHZrLwvd1Q=="
        }
      }
    },
    "tslib": {
      "version": "2.0.1",
      "resolved": "https://registry.npmjs.org/tslib/-/tslib-2.0.1.tgz",
      "integrity": "sha512-SgIkNheinmEBgx1IUNirK0TUD4X9yjjBRTqqjggWCU3pUEqIk3/Uwl3yRixYKT6WjQuGiwDv4NomL3wqRCj+CQ=="
    },
    "zone.js": {
      "version": "0.11.1",
      "resolved": "https://registry.npmjs.org/zone.js/-/zone.js-0.11.1.tgz",
      "integrity": "sha512-KcZawpmVgS+3U2rzKTM6fLKaCX1QDv3//NxiSOOsqpQY/r5hl+xpYikPwY93Sp7CAB+J5mZJpb/YubxEYLGK5g==",
      "requires": {
        "tslib": "^2.0.0"
      }
    }
  }
}
